
Microsoft Visual Studio Solution File, Format Version 12.00
# Visual Studio Version 17
VisualStudioVersion = 17.8.34525.116
MinimumVisualStudioVersion = 10.0.40219.1
Project("{FAE04EC0-301F-11D3-BF4B-00C04F79EFBC}") = "E-Commerce.APIs", "E-Commerce.APIs\E-Commerce.APIs.csproj", "{7CFE529A-9D63-4171-8BDE-101B6F51B259}"
EndProject
Project("{FAE04EC0-301F-11D3-BF4B-00C04F79EFBC}") = "E-Commerce.Core", "E-Commerce.Core\E-Commerce.Core.csproj", "{08716EEF-4C49-40DC-AF6A-B06D7DF4062F}"
EndProject
Project("{FAE04EC0-301F-11D3-BF4B-00C04F79EFBC}") = "E-Commerce.Repository", "E-Commerce.Repository\E-Commerce.Repository.csproj", "{D03FFA8F-FFF7-45D6-A877-1C165F3B0291}"
EndProject
Project("{FAE04EC0-301F-11D3-BF4B-00C04F79EFBC}") = "E-Commerce.Service", "E-Commerce.Service\E-Commerce.Service.csproj", "{6211F206-E137-4252-A0D8-AC0C8D9D6899}"
EndProject
Global
	GlobalSection(SolutionConfigurationPlatforms) = preSolution
		Debug|Any CPU = Debug|Any CPU
		Release|Any CPU = Release|Any CPU
	EndGlobalSection
	GlobalSection(ProjectConfigurationPlatforms) = postSolution
		{7CFE529A-9D63-4171-8BDE-101B6F51B259}.Debug|Any CPU.ActiveCfg = Debug|Any CPU
		{7CFE529A-9D63-4171-8BDE-101B6F51B259}.Debug|Any CPU.Build.0 = Debug|Any CPU
		{7CFE529A-9D63-4171-8BDE-101B6F51B259}.Release|Any CPU.ActiveCfg = Release|Any CPU
		{7CFE529A-9D63-4171-8BDE-101B6F51B259}.Release|Any CPU.Build.0 = Release|Any CPU
		{08716EEF-4C49-40DC-AF6A-B06D7DF4062F}.Debug|Any CPU.ActiveCfg = Debug|Any CPU
		{08716EEF-4C49-40DC-AF6A-B06D7DF4062F}.Debug|Any CPU.Build.0 = Debug|Any CPU
		{08716EEF-4C49-40DC-AF6A-B06D7DF4062F}.Release|Any CPU.ActiveCfg = Release|Any CPU
		{08716EEF-4C49-40DC-AF6A-B06D7DF4062F}.Release|Any CPU.Build.0 = Release|Any CPU
		{D03FFA8F-FFF7-45D6-A877-1C165F3B0291}.Debug|Any CPU.ActiveCfg = Debug|Any CPU
		{D03FFA8F-FFF7-45D6-A877-1C165F3B0291}.Debug|Any CPU.Build.0 = Debug|Any CPU
		{D03FFA8F-FFF7-45D6-A877-1C165F3B0291}.Release|Any CPU.ActiveCfg = Release|Any CPU
		{D03FFA8F-FFF7-45D6-A877-1C165F3B0291}.Release|Any CPU.Build.0 = Release|Any CPU
		{6211F206-E137-4252-A0D8-AC0C8D9D6899}.Debug|Any CPU.ActiveCfg = Debug|Any CPU
		{6211F206-E137-4252-A0D8-AC0C8D9D6899}.Debug|Any CPU.Build.0 = Debug|Any CPU
		{6211F206-E137-4252-A0D8-AC0C8D9D6899}.Release|Any CPU.ActiveCfg = Release|Any CPU
		{6211F206-E137-4252-A0D8-AC0C8D9D6899}.Release|Any CPU.Build.0 = Release|Any CPU
	EndGlobalSection
	GlobalSection(SolutionProperties) = preSolution
		HideSolutionNode = FALSE
	EndGlobalSection
	GlobalSection(ExtensibilityGlobals) = postSolution
		SolutionGuid = {81A6ECDB-B406-4A90-A142-82FAF89670A9}
	EndGlobalSection
EndGlobal
